
Microsoft Visual Studio Solution File, Format Version 12.00
# Visual Studio Version 17
VisualStudioVersion = 17.3.32929.385
MinimumVisualStudioVersion = 10.0.40219.1
Project("{FAE04EC0-301F-11D3-BF4B-00C04F79EFBC}") = "UserService", "UserService\UserService.csproj", "{18FBEC53-4333-4421-BB4A-F629E6C0C6FD}"
EndProject
Project("{FAE04EC0-301F-11D3-BF4B-00C04F79EFBC}") = "APIGateway", "APIGateway\APIGateway.csproj", "{87C6A632-C742-4181-AA90-44AFF229B52B}"
EndProject
Global
	GlobalSection(SolutionConfigurationPlatforms) = preSolution
		Debug|Any CPU = Debug|Any CPU
		Release|Any CPU = Release|Any CPU
	EndGlobalSection
	GlobalSection(ProjectConfigurationPlatforms) = postSolution
		{18FBEC53-4333-4421-BB4A-F629E6C0C6FD}.Debug|Any CPU.ActiveCfg = Debug|Any CPU
		{18FBEC53-4333-4421-BB4A-F629E6C0C6FD}.Debug|Any CPU.Build.0 = Debug|Any CPU
		{18FBEC53-4333-4421-BB4A-F629E6C0C6FD}.Release|Any CPU.ActiveCfg = Release|Any CPU
		{18FBEC53-4333-4421-BB4A-F629E6C0C6FD}.Release|Any CPU.Build.0 = Release|Any CPU
		{87C6A632-C742-4181-AA90-44AFF229B52B}.Debug|Any CPU.ActiveCfg = Debug|Any CPU
		{87C6A632-C742-4181-AA90-44AFF229B52B}.Debug|Any CPU.Build.0 = Debug|Any CPU
		{87C6A632-C742-4181-AA90-44AFF229B52B}.Release|Any CPU.ActiveCfg = Release|Any CPU
		{87C6A632-C742-4181-AA90-44AFF229B52B}.Release|Any CPU.Build.0 = Release|Any CPU
	EndGlobalSection
	GlobalSection(SolutionProperties) = preSolution
		HideSolutionNode = FALSE
	EndGlobalSection
	GlobalSection(ExtensibilityGlobals) = postSolution
		SolutionGuid = {342AB701-2A2C-414A-AE5F-2094251C4267}
	EndGlobalSection
EndGlobal
